// !$*UTF8*$!
{
	archiveVersion = 1;
	classes = {
	};
	objectVersion = 51;
	objects = {

/* Begin PBXBuildFile section */
		2B07663D23D2D8D6000A5B0D /* AppDelegate.swift in Sources */ = {isa = PBXBuildFile; fileRef = 2B07663C23D2D8D6000A5B0D /* AppDelegate.swift */; };
		2B07663F23D2D8D6000A5B0D /* SceneDelegate.swift in Sources */ = {isa = PBXBuildFile; fileRef = 2B07663E23D2D8D6000A5B0D /* SceneDelegate.swift */; };
		2B07664423D2D8D6000A5B0D /* Main.storyboard in Resources */ = {isa = PBXBuildFile; fileRef = 2B07664223D2D8D6000A5B0D /* Main.storyboard */; };
		2B07664623D2D8D9000A5B0D /* Assets.xcassets in Resources */ = {isa = PBXBuildFile; fileRef = 2B07664523D2D8D9000A5B0D /* Assets.xcassets */; };
		2B07664923D2D8D9000A5B0D /* LaunchScreen.storyboard in Resources */ = {isa = PBXBuildFile; fileRef = 2B07664723D2D8D9000A5B0D /* LaunchScreen.storyboard */; };
		2B07665123D2DA62000A5B0D /* ToDoListViewController.swift in Sources */ = {isa = PBXBuildFile; fileRef = 2B07665023D2DA62000A5B0D /* ToDoListViewController.swift */; };
		2B07665C23D49850000A5B0D /* DataModel.xcdatamodeld in Sources */ = {isa = PBXBuildFile; fileRef = 2B07665A23D49850000A5B0D /* DataModel.xcdatamodeld */; };
		2B07665E240296E6000A5B0D /* CategoryViewController.swift in Sources */ = {isa = PBXBuildFile; fileRef = 2B07665D240296E6000A5B0D /* CategoryViewController.swift */; };
		2BCEB61A2520D9C7002CC0F7 /* ItemRealm.swift in Sources */ = {isa = PBXBuildFile; fileRef = 2BCEB6192520D9C7002CC0F7 /* ItemRealm.swift */; };
		2BCEB61E2520D9F2002CC0F7 /* CategoryRealm.swift in Sources */ = {isa = PBXBuildFile; fileRef = 2BCEB61D2520D9F2002CC0F7 /* CategoryRealm.swift */; };
		76319EFB4D7A9E35FDCF00B5 /* Pods_Todoey.framework in Frameworks */ = {isa = PBXBuildFile; fileRef = 107B10758794E9CC2734E394 /* Pods_Todoey.framework */; };
/* End PBXBuildFile section */

/* Begin PBXFileReference section */
		107B10758794E9CC2734E394 /* Pods_Todoey.framework */ = {isa = PBXFileReference; explicitFileType = wrapper.framework; includeInIndex = 0; path = Pods_Todoey.framework; sourceTree = BUILT_PRODUCTS_DIR; };
		2B07663923D2D8D6000A5B0D /* Todoey.app */ = {isa = PBXFileReference; explicitFileType = wrapper.application; includeInIndex = 0; path = Todoey.app; sourceTree = BUILT_PRODUCTS_DIR; };
		2B07663C23D2D8D6000A5B0D /* AppDelegate.swift */ = {isa = PBXFileReference; lastKnownFileType = sourcecode.swift; path = AppDelegate.swift; sourceTree = "<group>"; };
		2B07663E23D2D8D6000A5B0D /* SceneDelegate.swift */ = {isa = PBXFileReference; lastKnownFileType = sourcecode.swift; path = SceneDelegate.swift; sourceTree = "<group>"; };
		2B07664323D2D8D6000A5B0D /* Base */ = {isa = PBXFileReference; lastKnownFileType = file.storyboard; name = Base; path = Base.lproj/Main.storyboard; sourceTree = "<group>"; };
		2B07664523D2D8D9000A5B0D /* Assets.xcassets */ = {isa = PBXFileReference; lastKnownFileType = folder.assetcatalog; path = Assets.xcassets; sourceTree = "<group>"; };
		2B07664823D2D8D9000A5B0D /* Base */ = {isa = PBXFileReference; lastKnownFileType = file.storyboard; name = Base; path = Base.lproj/LaunchScreen.storyboard; sourceTree = "<group>"; };
		2B07664A23D2D8D9000A5B0D /* Info.plist */ = {isa = PBXFileReference; lastKnownFileType = text.plist.xml; path = Info.plist; sourceTree = "<group>"; };
		2B07665023D2DA62000A5B0D /* ToDoListViewController.swift */ = {isa = PBXFileReference; lastKnownFileType = sourcecode.swift; path = ToDoListViewController.swift; sourceTree = "<group>"; };
		2B07665B23D49850000A5B0D /* DataModel.xcdatamodel */ = {isa = PBXFileReference; lastKnownFileType = wrapper.xcdatamodel; path = DataModel.xcdatamodel; sourceTree = "<group>"; };
		2B07665D240296E6000A5B0D /* CategoryViewController.swift */ = {isa = PBXFileReference; lastKnownFileType = sourcecode.swift; path = CategoryViewController.swift; sourceTree = "<group>"; };
		2BCEB6192520D9C7002CC0F7 /* ItemRealm.swift */ = {isa = PBXFileReference; lastKnownFileType = sourcecode.swift; path = ItemRealm.swift; sourceTree = "<group>"; };
		2BCEB61D2520D9F2002CC0F7 /* CategoryRealm.swift */ = {isa = PBXFileReference; lastKnownFileType = sourcecode.swift; path = CategoryRealm.swift; sourceTree = "<group>"; };
		7D5AECD49CFED46728D86375 /* Pods-Todoey.release.xcconfig */ = {isa = PBXFileReference; includeInIndex = 1; lastKnownFileType = text.xcconfig; name = "Pods-Todoey.release.xcconfig"; path = "Target Support Files/Pods-Todoey/Pods-Todoey.release.xcconfig"; sourceTree = "<group>"; };
		A1D3877EE0B5414CA9302A93 /* Pods-Todoey.debug.xcconfig */ = {isa = PBXFileReference; includeInIndex = 1; lastKnownFileType = text.xcconfig; name = "Pods-Todoey.debug.xcconfig"; path = "Target Support Files/Pods-Todoey/Pods-Todoey.debug.xcconfig"; sourceTree = "<group>"; };
/* End PBXFileReference section */

/* Begin PBXFrameworksBuildPhase section */
		2B07663623D2D8D6000A5B0D /* Frameworks */ = {
			isa = PBXFrameworksBuildPhase;
			buildActionMask = 2147483647;
			files = (
				76319EFB4D7A9E35FDCF00B5 /* Pods_Todoey.framework in Frameworks */,
			);
			runOnlyForDeploymentPostprocessing = 0;
		};
/* End PBXFrameworksBuildPhase section */

/* Begin PBXGroup section */
		2B07663023D2D8D6000A5B0D = {
			isa = PBXGroup;
			children = (
				2B07663B23D2D8D6000A5B0D /* Todoey */,
				2B07663A23D2D8D6000A5B0D /* Products */,
				4752FC562A7A91B3418AAF78 /* Pods */,
				E144CFB0FA81086AE1F61EEA /* Frameworks */,
			);
			sourceTree = "<group>";
		};
		2B07663A23D2D8D6000A5B0D /* Products */ = {
			isa = PBXGroup;
			children = (
				2B07663923D2D8D6000A5B0D /* Todoey.app */,
			);
			name = Products;
			sourceTree = "<group>";
		};
		2B07663B23D2D8D6000A5B0D /* Todoey */ = {
			isa = PBXGroup;
			children = (
				2B07663C23D2D8D6000A5B0D /* AppDelegate.swift */,
				2B07663E23D2D8D6000A5B0D /* SceneDelegate.swift */,
				2B07665623D44285000A5B0D /* Controller */,
				2B07665723D4428C000A5B0D /* Data Model */,
				2B07665823D4429C000A5B0D /* Views */,
				2B07665923D442A3000A5B0D /* Supporting Files */,
			);
			path = Todoey;
			sourceTree = "<group>";
		};
		2B07665623D44285000A5B0D /* Controller */ = {
			isa = PBXGroup;
			children = (
				2B07665023D2DA62000A5B0D /* ToDoListViewController.swift */,
				2B07665D240296E6000A5B0D /* CategoryViewController.swift */,
			);
			path = Controller;
			sourceTree = "<group>";
		};
		2B07665723D4428C000A5B0D /* Data Model */ = {
			isa = PBXGroup;
			children = (
				2B07665A23D49850000A5B0D /* DataModel.xcdatamodeld */,
				2BCEB6192520D9C7002CC0F7 /* ItemRealm.swift */,
				2BCEB61D2520D9F2002CC0F7 /* CategoryRealm.swift */,
			);
			path = "Data Model";
			sourceTree = "<group>";
		};
		2B07665823D4429C000A5B0D /* Views */ = {
			isa = PBXGroup;
			children = (
				2B07664223D2D8D6000A5B0D /* Main.storyboard */,
				2B07664723D2D8D9000A5B0D /* LaunchScreen.storyboard */,
			);
			path = Views;
			sourceTree = "<group>";
		};
		2B07665923D442A3000A5B0D /* Supporting Files */ = {
			isa = PBXGroup;
			children = (
				2B07664A23D2D8D9000A5B0D /* Info.plist */,
				2B07664523D2D8D9000A5B0D /* Assets.xcassets */,
			);
			path = "Supporting Files";
			sourceTree = "<group>";
		};
		4752FC562A7A91B3418AAF78 /* Pods */ = {
			isa = PBXGroup;
			children = (
				A1D3877EE0B5414CA9302A93 /* Pods-Todoey.debug.xcconfig */,
				7D5AECD49CFED46728D86375 /* Pods-Todoey.release.xcconfig */,
			);
			path = Pods;
			sourceTree = "<group>";
		};
		E144CFB0FA81086AE1F61EEA /* Frameworks */ = {
			isa = PBXGroup;
			children = (
				107B10758794E9CC2734E394 /* Pods_Todoey.framework */,
			);
			name = Frameworks;
			sourceTree = "<group>";
		};
/* End PBXGroup section */

/* Begin PBXNativeTarget section */
		2B07663823D2D8D6000A5B0D /* Todoey */ = {
			isa = PBXNativeTarget;
			buildConfigurationList = 2B07664D23D2D8D9000A5B0D /* Build configuration list for PBXNativeTarget "Todoey" */;
			buildPhases = (
				385C853ABF920CD9886344BA /* [CP] Check Pods Manifest.lock */,
				2B07663523D2D8D6000A5B0D /* Sources */,
				2B07663623D2D8D6000A5B0D /* Frameworks */,
				2B07663723D2D8D6000A5B0D /* Resources */,
				6523E9372DB2B93D1037E26F /* [CP] Embed Pods Frameworks */,
			);
			buildRules = (
			);
			dependencies = (
			);
			name = Todoey;
			productName = Todoey;
			productReference = 2B07663923D2D8D6000A5B0D /* Todoey.app */;
			productType = "com.apple.product-type.application";
		};
/* End PBXNativeTarget section */

/* Begin PBXProject section */
		2B07663123D2D8D6000A5B0D /* Project object */ = {
			isa = PBXProject;
			attributes = {
				LastSwiftUpdateCheck = 1130;
				LastUpgradeCheck = 1200;
				ORGANIZATIONNAME = "Kunal Tyagi";
				TargetAttributes = {
					2B07663823D2D8D6000A5B0D = {
						CreatedOnToolsVersion = 11.3.1;
					};
				};
			};
			buildConfigurationList = 2B07663423D2D8D6000A5B0D /* Build configuration list for PBXProject "Todoey" */;
			compatibilityVersion = "Xcode 9.3";
			developmentRegion = en;
			hasScannedForEncodings = 0;
			knownRegions = (
				en,
				Base,
			);
			mainGroup = 2B07663023D2D8D6000A5B0D;
			productRefGroup = 2B07663A23D2D8D6000A5B0D /* Products */;
			projectDirPath = "";
			projectRoot = "";
			targets = (
				2B07663823D2D8D6000A5B0D /* Todoey */,
			);
		};
/* End PBXProject section */

/* Begin PBXResourcesBuildPhase section */
		2B07663723D2D8D6000A5B0D /* Resources */ = {
			isa = PBXResourcesBuildPhase;
			buildActionMask = 2147483647;
			files = (
				2B07664923D2D8D9000A5B0D /* LaunchScreen.storyboard in Resources */,
				2B07664623D2D8D9000A5B0D /* Assets.xcassets in Resources */,
				2B07664423D2D8D6000A5B0D /* Main.storyboard in Resources */,
			);
			runOnlyForDeploymentPostprocessing = 0;
		};
/* End PBXResourcesBuildPhase section */

/* Begin PBXShellScriptBuildPhase section */
		385C853ABF920CD9886344BA /* [CP] Check Pods Manifest.lock */ = {
			isa = PBXShellScriptBuildPhase;
			buildActionMask = 2147483647;
			files = (
			);
			inputFileListPaths = (
			);
			inputPaths = (
				"${PODS_PODFILE_DIR_PATH}/Podfile.lock",
				"${PODS_ROOT}/Manifest.lock",
			);
			name = "[CP] Check Pods Manifest.lock";
			outputFileListPaths = (
			);
			outputPaths = (
				"$(DERIVED_FILE_DIR)/Pods-Todoey-checkManifestLockResult.txt",
			);
			runOnlyForDeploymentPostprocessing = 0;
			shellPath = /bin/sh;
			shellScript = "diff \"${PODS_PODFILE_DIR_PATH}/Podfile.lock\" \"${PODS_ROOT}/Manifest.lock\" > /dev/null\nif [ $? != 0 ] ; then\n    # print error to STDERR\n    echo \"error: The sandbox is not in sync with the Podfile.lock. Run 'pod install' or update your CocoaPods installation.\" >&2\n    exit 1\nfi\n# This output is used by Xcode 'outputs' to avoid re-running this script phase.\necho \"SUCCESS\" > \"${SCRIPT_OUTPUT_FILE_0}\"\n";
			showEnvVarsInLog = 0;
		};
		6523E9372DB2B93D1037E26F /* [CP] Embed Pods Frameworks */ = {
			isa = PBXShellScriptBuildPhase;
			buildActionMask = 2147483647;
			files = (
			);
			inputFileListPaths = (
				"${PODS_ROOT}/Target Support Files/Pods-Todoey/Pods-Todoey-frameworks-${CONFIGURATION}-input-files.xcfilelist",
			);
			name = "[CP] Embed Pods Frameworks";
			outputFileListPaths = (
				"${PODS_ROOT}/Target Support Files/Pods-Todoey/Pods-Todoey-frameworks-${CONFIGURATION}-output-files.xcfilelist",
			);
			runOnlyForDeploymentPostprocessing = 0;
			shellPath = /bin/sh;
			shellScript = "\"${PODS_ROOT}/Target Support Files/Pods-Todoey/Pods-Todoey-frameworks.sh\"\n";
			showEnvVarsInLog = 0;
		};
/* End PBXShellScriptBuildPhase section */

/* Begin PBXSourcesBuildPhase section */
		2B07663523D2D8D6000A5B0D /* Sources */ = {
			isa = PBXSourcesBuildPhase;
			buildActionMask = 2147483647;
			files = (
				2BCEB61A2520D9C7002CC0F7 /* ItemRealm.swift in Sources */,
				2B07665E240296E6000A5B0D /* CategoryViewController.swift in Sources */,
				2BCEB61E2520D9F2002CC0F7 /* CategoryRealm.swift in Sources */,
				2B07665C23D49850000A5B0D /* DataModel.xcdatamodeld in Sources */,
				2B07663D23D2D8D6000A5B0D /* AppDelegate.swift in Sources */,
				2B07665123D2DA62000A5B0D /* ToDoListViewController.swift in Sources */,
				2B07663F23D2D8D6000A5B0D /* SceneDelegate.swift in Sources */,
			);
			runOnlyForDeploymentPostprocessing = 0;
		};
/* End PBXSourcesBuildPhase section */

/* Begin PBXVariantGroup section */
		2B07664223D2D8D6000A5B0D /* Main.storyboard */ = {
			isa = PBXVariantGroup;
			children = (
				2B07664323D2D8D6000A5B0D /* Base */,
			);
			name = Main.storyboard;
			sourceTree = "<group>";
		};
		2B07664723D2D8D9000A5B0D /* LaunchScreen.storyboard */ = {
			isa = PBXVariantGroup;
			children = (
				2B07664823D2D8D9000A5B0D /* Base */,
			);
			name = LaunchScreen.storyboard;
			sourceTree = "<group>";
		};
/* End PBXVariantGroup section */

/* Begin XCBuildConfiguration section */
		2B07664B23D2D8D9000A5B0D /* Debug */ = {
			isa = XCBuildConfiguration;
			buildSettings = {
				ALWAYS_SEARCH_USER_PATHS = NO;
				CLANG_ANALYZER_NONNULL = YES;
				CLANG_ANALYZER_NUMBER_OBJECT_CONVERSION = YES_AGGRESSIVE;
				CLANG_CXX_LANGUAGE_STANDARD = "gnu++14";
				CLANG_CXX_LIBRARY = "libc++";
				CLANG_ENABLE_MODULES = YES;
				CLANG_ENABLE_OBJC_ARC = YES;
				CLANG_ENABLE_OBJC_WEAK = YES;
				CLANG_WARN_BLOCK_CAPTURE_AUTORELEASING = YES;
				CLANG_WARN_BOOL_CONVERSION = YES;
				CLANG_WARN_COMMA = YES;
				CLANG_WARN_CONSTANT_CONVERSION = YES;
				CLANG_WARN_DEPRECATED_OBJC_IMPLEMENTATIONS = YES;
				CLANG_WARN_DIRECT_OBJC_ISA_USAGE = YES_ERROR;
				CLANG_WARN_DOCUMENTATION_COMMENTS = YES;
				CLANG_WARN_EMPTY_BODY = YES;
				CLANG_WARN_ENUM_CONVERSION = YES;
				CLANG_WARN_INFINITE_RECURSION = YES;
				CLANG_WARN_INT_CONVERSION = YES;
				CLANG_WARN_NON_LITERAL_NULL_CONVERSION = YES;
				CLANG_WARN_OBJC_IMPLICIT_RETAIN_SELF = YES;
				CLANG_WARN_OBJC_LITERAL_CONVERSION = YES;
				CLANG_WARN_OBJC_ROOT_CLASS = YES_ERROR;
				CLANG_WARN_QUOTED_INCLUDE_IN_FRAMEWORK_HEADER = YES;
				CLANG_WARN_RANGE_LOOP_ANALYSIS = YES;
				CLANG_WARN_STRICT_PROTOTYPES = YES;
				CLANG_WARN_SUSPICIOUS_MOVE = YES;
				CLANG_WARN_UNGUARDED_AVAILABILITY = YES_AGGRESSIVE;
				CLANG_WARN_UNREACHABLE_CODE = YES;
				CLANG_WARN__DUPLICATE_METHOD_MATCH = YES;
				COPY_PHASE_STRIP = NO;
				DEBUG_INFORMATION_FORMAT = dwarf;
				ENABLE_STRICT_OBJC_MSGSEND = YES;
				ENABLE_TESTABILITY = YES;
				GCC_C_LANGUAGE_STANDARD = gnu11;
				GCC_DYNAMIC_NO_PIC = NO;
				GCC_NO_COMMON_BLOCKS = YES;
				GCC_OPTIMIZATION_LEVEL = 0;
				GCC_PREPROCESSOR_DEFINITIONS = (
					"DEBUG=1",
					"$(inherited)",
				);
				GCC_WARN_64_TO_32_BIT_CONVERSION = YES;
				GCC_WARN_ABOUT_RETURN_TYPE = YES_ERROR;
				GCC_WARN_UNDECLARED_SELECTOR = YES;
				GCC_WARN_UNINITIALIZED_AUTOS = YES_AGGRESSIVE;
				GCC_WARN_UNUSED_FUNCTION = YES;
				GCC_WARN_UNUSED_VARIABLE = YES;
				IPHONEOS_DEPLOYMENT_TARGET = 13.2;
				MTL_ENABLE_DEBUG_INFO = INCLUDE_SOURCE;
				MTL_FAST_MATH = YES;
				ONLY_ACTIVE_ARCH = YES;
				SDKROOT = iphoneos;
				SWIFT_ACTIVE_COMPILATION_CONDITIONS = DEBUG;
				SWIFT_OPTIMIZATION_LEVEL = "-Onone";
			};
			name = Debug;
		};
		2B07664C23D2D8D9000A5B0D /* Release */ = {
			isa = XCBuildConfiguration;
			buildSettings = {
				ALWAYS_SEARCH_USER_PATHS = NO;
				CLANG_ANALYZER_NONNULL = YES;
				CLANG_ANALYZER_NUMBER_OBJECT_CONVERSION = YES_AGGRESSIVE;
				CLANG_CXX_LANGUAGE_STANDARD = "gnu++14";
				CLANG_CXX_LIBRARY = "libc++";
				CLANG_ENABLE_MODULES = YES;
				CLANG_ENABLE_OBJC_ARC = YES;
				CLANG_ENABLE_OBJC_WEAK = YES;
				CLANG_WARN_BLOCK_CAPTURE_AUTORELEASING = YES;
				CLANG_WARN_BOOL_CONVERSION = YES;
				CLANG_WARN_COMMA = YES;
				CLANG_WARN_CONSTANT_CONVERSION = YES;
				CLANG_WARN_DEPRECATED_OBJC_IMPLEMENTATIONS = YES;
				CLANG_WARN_DIRECT_OBJC_ISA_USAGE = YES_ERROR;
				CLANG_WARN_DOCUMENTATION_COMMENTS = YES;
				CLANG_WARN_EMPTY_BODY = YES;
				CLANG_WARN_ENUM_CONVERSION = YES;
				CLANG_WARN_INFINITE_RECURSION = YES;
				CLANG_WARN_INT_CONVERSION = YES;
				CLANG_WARN_NON_LITERAL_NULL_CONVERSION = YES;
				CLANG_WARN_OBJC_IMPLICIT_RETAIN_SELF = YES;
				CLANG_WARN_OBJC_LITERAL_CONVERSION = YES;
				CLANG_WARN_OBJC_ROOT_CLASS = YES_ERROR;
				CLANG_WARN_QUOTED_INCLUDE_IN_FRAMEWORK_HEADER = YES;
				CLANG_WARN_RANGE_LOOP_ANALYSIS = YES;
				CLANG_WARN_STRICT_PROTOTYPES = YES;
				CLANG_WARN_SUSPICIOUS_MOVE = YES;
				CLANG_WARN_UNGUARDED_AVAILABILITY = YES_AGGRESSIVE;
				CLANG_WARN_UNREACHABLE_CODE = YES;
				CLANG_WARN__DUPLICATE_METHOD_MATCH = YES;
				COPY_PHASE_STRIP = NO;
				DEBUG_INFORMATION_FORMAT = "dwarf-with-dsym";
				ENABLE_NS_ASSERTIONS = NO;
				ENABLE_STRICT_OBJC_MSGSEND = YES;
				GCC_C_LANGUAGE_STANDARD = gnu11;
				GCC_NO_COMMON_BLOCKS = YES;
				GCC_WARN_64_TO_32_BIT_CONVERSION = YES;
				GCC_WARN_ABOUT_RETURN_TYPE = YES_ERROR;
				GCC_WARN_UNDECLARED_SELECTOR = YES;
				GCC_WARN_UNINITIALIZED_AUTOS = YES_AGGRESSIVE;
				GCC_WARN_UNUSED_FUNCTION = YES;
				GCC_WARN_UNUSED_VARIABLE = YES;
				IPHONEOS_DEPLOYMENT_TARGET = 13.2;
				MTL_ENABLE_DEBUG_INFO = NO;
				MTL_FAST_MATH = YES;
				SDKROOT = iphoneos;
				SWIFT_COMPILATION_MODE = wholemodule;
				SWIFT_OPTIMIZATION_LEVEL = "-O";
				VALIDATE_PRODUCT = YES;
			};
			name = Release;
		};
		2B07664E23D2D8D9000A5B0D /* Debug */ = {
			isa = XCBuildConfiguration;
			baseConfigurationReference = A1D3877EE0B5414CA9302A93 /* Pods-Todoey.debug.xcconfig */;
			buildSettings = {
				ASSETCATALOG_COMPILER_APPICON_NAME = AppIcon;
				CODE_SIGN_STYLE = Automatic;
				DEVELOPMENT_TEAM = KUZFMUE789;
				INFOPLIST_FILE = "Todoey/Supporting Files/Info.plist";
				LD_RUNPATH_SEARCH_PATHS = (
					"$(inherited)",
					"@executable_path/Frameworks",
				);
				PRODUCT_BUNDLE_IDENTIFIER = com.kunaltyagi.Todoey;
				PRODUCT_NAME = "$(TARGET_NAME)";
				SWIFT_VERSION = 5.0;
				TARGETED_DEVICE_FAMILY = "1,2";
			};
			name = Debug;
		};
		2B07664F23D2D8D9000A5B0D /* Release */ = {
			isa = XCBuildConfiguration;
			baseConfigurationReference = 7D5AECD49CFED46728D86375 /* Pods-Todoey.release.xcconfig */;
			buildSettings = {
				ASSETCATALOG_COMPILER_APPICON_NAME = AppIcon;
				CODE_SIGN_STYLE = Automatic;
				DEVELOPMENT_TEAM = KUZFMUE789;
				INFOPLIST_FILE = "Todoey/Supporting Files/Info.plist";
				LD_RUNPATH_SEARCH_PATHS = (
					"$(inherited)",
					"@executable_path/Frameworks",
				);
				PRODUCT_BUNDLE_IDENTIFIER = com.kunaltyagi.Todoey;
				PRODUCT_NAME = "$(TARGET_NAME)";
				SWIFT_VERSION = 5.0;
				TARGETED_DEVICE_FAMILY = "1,2";
			};
			name = Release;
		};
/* End XCBuildConfiguration section */

/* Begin XCConfigurationList section */
		2B07663423D2D8D6000A5B0D /* Build configuration list for PBXProject "Todoey" */ = {
			isa = XCConfigurationList;
			buildConfigurations = (
				2B07664B23D2D8D9000A5B0D /* Debug */,
				2B07664C23D2D8D9000A5B0D /* Release */,
			);
			defaultConfigurationIsVisible = 0;
			defaultConfigurationName = Release;
		};
		2B07664D23D2D8D9000A5B0D /* Build configuration list for PBXNativeTarget "Todoey" */ = {
			isa = XCConfigurationList;
			buildConfigurations = (
				2B07664E23D2D8D9000A5B0D /* Debug */,
				2B07664F23D2D8D9000A5B0D /* Release */,
			);
			defaultConfigurationIsVisible = 0;
			defaultConfigurationName = Release;
		};
/* End XCConfigurationList section */

/* Begin XCVersionGroup section */
		2B07665A23D49850000A5B0D /* DataModel.xcdatamodeld */ = {
			isa = XCVersionGroup;
			children = (
				2B07665B23D49850000A5B0D /* DataModel.xcdatamodel */,
			);
			currentVersion = 2B07665B23D49850000A5B0D /* DataModel.xcdatamodel */;
			path = DataModel.xcdatamodeld;
			sourceTree = "<group>";
			versionGroupType = wrapper.xcdatamodel;
		};
/* End XCVersionGroup section */
	};
	rootObject = 2B07663123D2D8D6000A5B0D /* Project object */;
}
